{
  "name": "tarot-api-types",
  "version": "0.0.2",
  "lockfileVersion": 2,
  "requires": true,
  "packages": {
    "": {
      "name": "tarot-api-types",
      "version": "0.0.2",
      "license": "ISC",
      "dependencies": {
        "tarot-card-deck": "^1.2.3"
      },
      "devDependencies": {
        "typescript": "^4.8.4"
      }
    },
    "../tarot-api": {
      "version": "0.0.1",
      "extraneous": true,
      "license": "ISC",
      "dependencies": {
        "@types/express": "^4.17.13",
        "@types/express-ws": "^3.0.1",
        "@types/node": "^17.0.21",
        "@types/ws": "^8.5.2",
        "body-parser": "^1.19.2",
        "cors": "^2.8.5",
        "express": "^4.17.3",
        "express-ws": "^5.0.2",
        "rxjs": "^7.5.6",
        "tarot-api-types": "file:../tarot-api-types",
        "tarot-card-deck": "^1.0.1",
        "tarot-game-engine": "^0.0.7",
        "ts-node": "^10.6.0",
        "uuid": "^8.3.2",
        "ws": "^8.5.0"
      },
      "devDependencies": {
        "@types/cors": "^2.8.12"
      }
    },
    "node_modules/tarot-card-deck": {
      "version": "1.2.3",
      "resolved": "https://registry.npmjs.org/tarot-card-deck/-/tarot-card-deck-1.2.3.tgz",
      "integrity": "sha512-/3LRMkDaii/3PbBcgJhMpInQ1SPCy1nrNVnM1hRsz/6nj8y5toMM3ba5kAp8LFYqiH0W9bQsc67bSU9IUd4Udw=="
    },
    "node_modules/typescript": {
      "version": "4.8.4",
      "resolved": "https://registry.npmjs.org/typescript/-/typescript-4.8.4.tgz",
      "integrity": "sha512-QCh+85mCy+h0IGff8r5XWzOVSbBO+KfeYrMQh7NJ58QujwcE22u+NUSmUxqF+un70P9GXKxa2HCNiTTMJknyjQ==",
      "dev": true,
      "bin": {
        "tsc": "bin/tsc",
        "tsserver": "bin/tsserver"
      },
      "engines": {
        "node": ">=4.2.0"
      }
    }
  },
  "dependencies": {
    "tarot-card-deck": {
      "version": "1.2.3",
      "resolved": "https://registry.npmjs.org/tarot-card-deck/-/tarot-card-deck-1.2.3.tgz",
      "integrity": "sha512-/3LRMkDaii/3PbBcgJhMpInQ1SPCy1nrNVnM1hRsz/6nj8y5toMM3ba5kAp8LFYqiH0W9bQsc67bSU9IUd4Udw=="
    },
    "typescript": {
      "version": "4.8.4",
      "resolved": "https://registry.npmjs.org/typescript/-/typescript-4.8.4.tgz",
      "integrity": "sha512-QCh+85mCy+h0IGff8r5XWzOVSbBO+KfeYrMQh7NJ58QujwcE22u+NUSmUxqF+un70P9GXKxa2HCNiTTMJknyjQ==",
      "dev": true
    }
  }
}
